
Microsoft Visual Studio Solution File, Format Version 12.00
# Visual Studio 15
VisualStudioVersion = 15.0.26228.9
MinimumVisualStudioVersion = 10.0.40219.1
Project("{2150E333-8FDC-42A3-9474-1A3956D46DE8}") = "Server", "Server", "{2300670C-63BF-434F-BBE5-86DFC9898265}"
EndProject
Project("{2150E333-8FDC-42A3-9474-1A3956D46DE8}") = "Client", "Client", "{51C6D519-7DF8-4FBA-A357-3F570E58B4FC}"
EndProject
Project("{2150E333-8FDC-42A3-9474-1A3956D46DE8}") = "Data", "Data", "{ACA78BE8-4787-4352-B387-BF71A1572A6E}"
EndProject
Project("{2150E333-8FDC-42A3-9474-1A3956D46DE8}") = "Web", "Web", "{CC799853-5EE0-46FB-A6CC-3F9CDFCE8D05}"
EndProject
Project("{2150E333-8FDC-42A3-9474-1A3956D46DE8}") = "Tests", "Tests", "{21C14E75-85C8-48E0-BE6F-44102ECFE8A3}"
EndProject
Project("{2150E333-8FDC-42A3-9474-1A3956D46DE8}") = "Commons", "Commons", "{BED3222F-83D1-4C1C-93F2-4E6C2A776166}"
EndProject
Project("{FAE04EC0-301F-11D3-BF4B-00C04F79EFBC}") = "JustSnake.Models", "JustSnake.Models\JustSnake.Models.csproj", "{4C12A281-19BE-4624-B788-EA8578F1265F}"
EndProject
Project("{FAE04EC0-301F-11D3-BF4B-00C04F79EFBC}") = "JustSnake.Data", "JustSnake.Data\JustSnake.Data.csproj", "{AB6D9C10-2639-4132-93A0-396CAF66A744}"
EndProject
Project("{FAE04EC0-301F-11D3-BF4B-00C04F79EFBC}") = "JustSnake.Importer", "JustSnake.Importer\JustSnake.Importer.csproj", "{8277BC10-27FF-4A2F-B053-54C688EBF7B3}"
EndProject
Project("{FAE04EC0-301F-11D3-BF4B-00C04F79EFBC}") = "JustSnake.ConsoleTestGround", "JustSnake.ConsoleTestGround\JustSnake.ConsoleTestGround.csproj", "{C449415E-4F60-40CB-B1E7-F0203F3BBDDD}"
EndProject
Project("{FAE04EC0-301F-11D3-BF4B-00C04F79EFBC}") = "JustSnake.Tests", "JustSnake.Tests\JustSnake.Tests.csproj", "{B77EAFB1-DB7A-4D5F-9DAD-96966A1F623A}"
EndProject
Project("{FAE04EC0-301F-11D3-BF4B-00C04F79EFBC}") = "JustSnake.Server", "JustSnake.Server\JustSnake.Server.csproj", "{F8C8B6F3-7886-45FA-A8F8-155BAAEA37DC}"
EndProject
Global
	GlobalSection(SolutionConfigurationPlatforms) = preSolution
		Debug|Any CPU = Debug|Any CPU
		Release|Any CPU = Release|Any CPU
	EndGlobalSection
	GlobalSection(ProjectConfigurationPlatforms) = postSolution
		{4C12A281-19BE-4624-B788-EA8578F1265F}.Debug|Any CPU.ActiveCfg = Debug|Any CPU
		{4C12A281-19BE-4624-B788-EA8578F1265F}.Debug|Any CPU.Build.0 = Debug|Any CPU
		{4C12A281-19BE-4624-B788-EA8578F1265F}.Release|Any CPU.ActiveCfg = Release|Any CPU
		{4C12A281-19BE-4624-B788-EA8578F1265F}.Release|Any CPU.Build.0 = Release|Any CPU
		{AB6D9C10-2639-4132-93A0-396CAF66A744}.Debug|Any CPU.ActiveCfg = Debug|Any CPU
		{AB6D9C10-2639-4132-93A0-396CAF66A744}.Debug|Any CPU.Build.0 = Debug|Any CPU
		{AB6D9C10-2639-4132-93A0-396CAF66A744}.Release|Any CPU.ActiveCfg = Release|Any CPU
		{AB6D9C10-2639-4132-93A0-396CAF66A744}.Release|Any CPU.Build.0 = Release|Any CPU
		{8277BC10-27FF-4A2F-B053-54C688EBF7B3}.Debug|Any CPU.ActiveCfg = Debug|Any CPU
		{8277BC10-27FF-4A2F-B053-54C688EBF7B3}.Debug|Any CPU.Build.0 = Debug|Any CPU
		{8277BC10-27FF-4A2F-B053-54C688EBF7B3}.Release|Any CPU.ActiveCfg = Release|Any CPU
		{8277BC10-27FF-4A2F-B053-54C688EBF7B3}.Release|Any CPU.Build.0 = Release|Any CPU
		{C449415E-4F60-40CB-B1E7-F0203F3BBDDD}.Debug|Any CPU.ActiveCfg = Debug|Any CPU
		{C449415E-4F60-40CB-B1E7-F0203F3BBDDD}.Debug|Any CPU.Build.0 = Debug|Any CPU
		{C449415E-4F60-40CB-B1E7-F0203F3BBDDD}.Release|Any CPU.ActiveCfg = Release|Any CPU
		{C449415E-4F60-40CB-B1E7-F0203F3BBDDD}.Release|Any CPU.Build.0 = Release|Any CPU
		{B77EAFB1-DB7A-4D5F-9DAD-96966A1F623A}.Debug|Any CPU.ActiveCfg = Debug|Any CPU
		{B77EAFB1-DB7A-4D5F-9DAD-96966A1F623A}.Debug|Any CPU.Build.0 = Debug|Any CPU
		{B77EAFB1-DB7A-4D5F-9DAD-96966A1F623A}.Release|Any CPU.ActiveCfg = Release|Any CPU
		{B77EAFB1-DB7A-4D5F-9DAD-96966A1F623A}.Release|Any CPU.Build.0 = Release|Any CPU
		{F8C8B6F3-7886-45FA-A8F8-155BAAEA37DC}.Debug|Any CPU.ActiveCfg = Debug|Any CPU
		{F8C8B6F3-7886-45FA-A8F8-155BAAEA37DC}.Debug|Any CPU.Build.0 = Debug|Any CPU
		{F8C8B6F3-7886-45FA-A8F8-155BAAEA37DC}.Release|Any CPU.ActiveCfg = Release|Any CPU
		{F8C8B6F3-7886-45FA-A8F8-155BAAEA37DC}.Release|Any CPU.Build.0 = Release|Any CPU
	EndGlobalSection
	GlobalSection(SolutionProperties) = preSolution
		HideSolutionNode = FALSE
	EndGlobalSection
	GlobalSection(NestedProjects) = preSolution
		{ACA78BE8-4787-4352-B387-BF71A1572A6E} = {2300670C-63BF-434F-BBE5-86DFC9898265}
		{CC799853-5EE0-46FB-A6CC-3F9CDFCE8D05} = {2300670C-63BF-434F-BBE5-86DFC9898265}
		{21C14E75-85C8-48E0-BE6F-44102ECFE8A3} = {2300670C-63BF-434F-BBE5-86DFC9898265}
		{BED3222F-83D1-4C1C-93F2-4E6C2A776166} = {2300670C-63BF-434F-BBE5-86DFC9898265}
		{4C12A281-19BE-4624-B788-EA8578F1265F} = {BED3222F-83D1-4C1C-93F2-4E6C2A776166}
		{AB6D9C10-2639-4132-93A0-396CAF66A744} = {ACA78BE8-4787-4352-B387-BF71A1572A6E}
		{8277BC10-27FF-4A2F-B053-54C688EBF7B3} = {ACA78BE8-4787-4352-B387-BF71A1572A6E}
		{C449415E-4F60-40CB-B1E7-F0203F3BBDDD} = {21C14E75-85C8-48E0-BE6F-44102ECFE8A3}
		{B77EAFB1-DB7A-4D5F-9DAD-96966A1F623A} = {21C14E75-85C8-48E0-BE6F-44102ECFE8A3}
		{F8C8B6F3-7886-45FA-A8F8-155BAAEA37DC} = {CC799853-5EE0-46FB-A6CC-3F9CDFCE8D05}
	EndGlobalSection
EndGlobal
