
Microsoft Visual Studio Solution File, Format Version 12.00
# Visual Studio 15
VisualStudioVersion = 15.0.26228.9
MinimumVisualStudioVersion = 10.0.40219.1
Project("{2150E333-8FDC-42A3-9474-1A3956D46DE8}") = "Client", "Client", "{51C6D519-7DF8-4FBA-A357-3F570E58B4FC}"
	ProjectSection(SolutionItems) = preProject
		Client\Index.html = Client\Index.html
	EndProjectSection
EndProject
Project("{2150E333-8FDC-42A3-9474-1A3956D46DE8}") = "Server", "Server", "{F1E180D1-2ED4-43B3-AD29-18B47ACD152C}"
EndProject
Project("{2150E333-8FDC-42A3-9474-1A3956D46DE8}") = "Commons", "Commons", "{EA55DE0D-180F-40AE-9005-DC38108B6EF2}"
EndProject
Project("{2150E333-8FDC-42A3-9474-1A3956D46DE8}") = "Data", "Data", "{CA2ADA40-1E47-4270-BBD2-8213AA228247}"
EndProject
Project("{2150E333-8FDC-42A3-9474-1A3956D46DE8}") = "Web", "Web", "{94948B4E-2DFC-4EE6-AC30-4B39A2E53886}"
EndProject
Project("{2150E333-8FDC-42A3-9474-1A3956D46DE8}") = "Tests", "Tests", "{3CDFCA2C-C90E-45B8-B897-901E86C13EFB}"
EndProject
Project("{FAE04EC0-301F-11D3-BF4B-00C04F79EFBC}") = "JustSnake.Models", "Server\Commons\JustSnake.Models\JustSnake.Models.csproj", "{47EA4E6F-9EEB-4ED4-80FC-673AC200AE51}"
EndProject
Project("{FAE04EC0-301F-11D3-BF4B-00C04F79EFBC}") = "JustSnake.Data", "Server\Data\JustSnake.Data\JustSnake.Data.csproj", "{0BF84A5C-45AB-4EA0-A4F2-2476A892F72B}"
EndProject
Project("{FAE04EC0-301F-11D3-BF4B-00C04F79EFBC}") = "JustSnake.ConsoleTestGround", "Server\Tests\JustSnake.ConsoleTestGround\JustSnake.ConsoleTestGround.csproj", "{32B5953C-CD3F-4FC9-B178-A19E72A9C893}"
EndProject
Project("{FAE04EC0-301F-11D3-BF4B-00C04F79EFBC}") = "JustSnake.DataImporter", "Server\Data\JustSnake.DataImporter\JustSnake.DataImporter.csproj", "{3C7E1E20-5FDB-47F5-BB2C-9AB156550165}"
EndProject
Project("{9A19103F-16F7-4668-BE54-9A1E7A4F7556}") = "JustSnake.WebServices", "Server\Web\JustSnake.WebServices\JustSnake.WebServices.csproj", "{DE0E0507-4D7B-4944-B863-3C43A2F27DEA}"
EndProject
Project("{FAE04EC0-301F-11D3-BF4B-00C04F79EFBC}") = "ClientServer", "Client\ClientServer\ClientServer\ClientServer.csproj", "{4E3FDC5A-A406-49F9-B8C5-F402884B2892}"
EndProject
Global
	GlobalSection(SolutionConfigurationPlatforms) = preSolution
		Debug|Any CPU = Debug|Any CPU
		Debug|ARM = Debug|ARM
		Debug|x64 = Debug|x64
		Debug|x86 = Debug|x86
		Release|Any CPU = Release|Any CPU
		Release|ARM = Release|ARM
		Release|x64 = Release|x64
		Release|x86 = Release|x86
	EndGlobalSection
	GlobalSection(ProjectConfigurationPlatforms) = postSolution
		{47EA4E6F-9EEB-4ED4-80FC-673AC200AE51}.Debug|Any CPU.ActiveCfg = Debug|Any CPU
		{47EA4E6F-9EEB-4ED4-80FC-673AC200AE51}.Debug|Any CPU.Build.0 = Debug|Any CPU
		{47EA4E6F-9EEB-4ED4-80FC-673AC200AE51}.Debug|ARM.ActiveCfg = Debug|Any CPU
		{47EA4E6F-9EEB-4ED4-80FC-673AC200AE51}.Debug|ARM.Build.0 = Debug|Any CPU
		{47EA4E6F-9EEB-4ED4-80FC-673AC200AE51}.Debug|x64.ActiveCfg = Debug|Any CPU
		{47EA4E6F-9EEB-4ED4-80FC-673AC200AE51}.Debug|x64.Build.0 = Debug|Any CPU
		{47EA4E6F-9EEB-4ED4-80FC-673AC200AE51}.Debug|x86.ActiveCfg = Debug|Any CPU
		{47EA4E6F-9EEB-4ED4-80FC-673AC200AE51}.Debug|x86.Build.0 = Debug|Any CPU
		{47EA4E6F-9EEB-4ED4-80FC-673AC200AE51}.Release|Any CPU.ActiveCfg = Release|Any CPU
		{47EA4E6F-9EEB-4ED4-80FC-673AC200AE51}.Release|Any CPU.Build.0 = Release|Any CPU
		{47EA4E6F-9EEB-4ED4-80FC-673AC200AE51}.Release|ARM.ActiveCfg = Release|Any CPU
		{47EA4E6F-9EEB-4ED4-80FC-673AC200AE51}.Release|ARM.Build.0 = Release|Any CPU
		{47EA4E6F-9EEB-4ED4-80FC-673AC200AE51}.Release|x64.ActiveCfg = Release|Any CPU
		{47EA4E6F-9EEB-4ED4-80FC-673AC200AE51}.Release|x64.Build.0 = Release|Any CPU
		{47EA4E6F-9EEB-4ED4-80FC-673AC200AE51}.Release|x86.ActiveCfg = Release|Any CPU
		{47EA4E6F-9EEB-4ED4-80FC-673AC200AE51}.Release|x86.Build.0 = Release|Any CPU
		{0BF84A5C-45AB-4EA0-A4F2-2476A892F72B}.Debug|Any CPU.ActiveCfg = Debug|Any CPU
		{0BF84A5C-45AB-4EA0-A4F2-2476A892F72B}.Debug|Any CPU.Build.0 = Debug|Any CPU
		{0BF84A5C-45AB-4EA0-A4F2-2476A892F72B}.Debug|ARM.ActiveCfg = Debug|Any CPU
		{0BF84A5C-45AB-4EA0-A4F2-2476A892F72B}.Debug|ARM.Build.0 = Debug|Any CPU
		{0BF84A5C-45AB-4EA0-A4F2-2476A892F72B}.Debug|x64.ActiveCfg = Debug|Any CPU
		{0BF84A5C-45AB-4EA0-A4F2-2476A892F72B}.Debug|x64.Build.0 = Debug|Any CPU
		{0BF84A5C-45AB-4EA0-A4F2-2476A892F72B}.Debug|x86.ActiveCfg = Debug|Any CPU
		{0BF84A5C-45AB-4EA0-A4F2-2476A892F72B}.Debug|x86.Build.0 = Debug|Any CPU
		{0BF84A5C-45AB-4EA0-A4F2-2476A892F72B}.Release|Any CPU.ActiveCfg = Release|Any CPU
		{0BF84A5C-45AB-4EA0-A4F2-2476A892F72B}.Release|Any CPU.Build.0 = Release|Any CPU
		{0BF84A5C-45AB-4EA0-A4F2-2476A892F72B}.Release|ARM.ActiveCfg = Release|Any CPU
		{0BF84A5C-45AB-4EA0-A4F2-2476A892F72B}.Release|ARM.Build.0 = Release|Any CPU
		{0BF84A5C-45AB-4EA0-A4F2-2476A892F72B}.Release|x64.ActiveCfg = Release|Any CPU
		{0BF84A5C-45AB-4EA0-A4F2-2476A892F72B}.Release|x64.Build.0 = Release|Any CPU
		{0BF84A5C-45AB-4EA0-A4F2-2476A892F72B}.Release|x86.ActiveCfg = Release|Any CPU
		{0BF84A5C-45AB-4EA0-A4F2-2476A892F72B}.Release|x86.Build.0 = Release|Any CPU
		{32B5953C-CD3F-4FC9-B178-A19E72A9C893}.Debug|Any CPU.ActiveCfg = Debug|Any CPU
		{32B5953C-CD3F-4FC9-B178-A19E72A9C893}.Debug|Any CPU.Build.0 = Debug|Any CPU
		{32B5953C-CD3F-4FC9-B178-A19E72A9C893}.Debug|ARM.ActiveCfg = Debug|Any CPU
		{32B5953C-CD3F-4FC9-B178-A19E72A9C893}.Debug|ARM.Build.0 = Debug|Any CPU
		{32B5953C-CD3F-4FC9-B178-A19E72A9C893}.Debug|x64.ActiveCfg = Debug|Any CPU
		{32B5953C-CD3F-4FC9-B178-A19E72A9C893}.Debug|x64.Build.0 = Debug|Any CPU
		{32B5953C-CD3F-4FC9-B178-A19E72A9C893}.Debug|x86.ActiveCfg = Debug|Any CPU
		{32B5953C-CD3F-4FC9-B178-A19E72A9C893}.Debug|x86.Build.0 = Debug|Any CPU
		{32B5953C-CD3F-4FC9-B178-A19E72A9C893}.Release|Any CPU.ActiveCfg = Release|Any CPU
		{32B5953C-CD3F-4FC9-B178-A19E72A9C893}.Release|Any CPU.Build.0 = Release|Any CPU
		{32B5953C-CD3F-4FC9-B178-A19E72A9C893}.Release|ARM.ActiveCfg = Release|Any CPU
		{32B5953C-CD3F-4FC9-B178-A19E72A9C893}.Release|ARM.Build.0 = Release|Any CPU
		{32B5953C-CD3F-4FC9-B178-A19E72A9C893}.Release|x64.ActiveCfg = Release|Any CPU
		{32B5953C-CD3F-4FC9-B178-A19E72A9C893}.Release|x64.Build.0 = Release|Any CPU
		{32B5953C-CD3F-4FC9-B178-A19E72A9C893}.Release|x86.ActiveCfg = Release|Any CPU
		{32B5953C-CD3F-4FC9-B178-A19E72A9C893}.Release|x86.Build.0 = Release|Any CPU
		{3C7E1E20-5FDB-47F5-BB2C-9AB156550165}.Debug|Any CPU.ActiveCfg = Debug|Any CPU
		{3C7E1E20-5FDB-47F5-BB2C-9AB156550165}.Debug|Any CPU.Build.0 = Debug|Any CPU
		{3C7E1E20-5FDB-47F5-BB2C-9AB156550165}.Debug|ARM.ActiveCfg = Debug|Any CPU
		{3C7E1E20-5FDB-47F5-BB2C-9AB156550165}.Debug|ARM.Build.0 = Debug|Any CPU
		{3C7E1E20-5FDB-47F5-BB2C-9AB156550165}.Debug|x64.ActiveCfg = Debug|Any CPU
		{3C7E1E20-5FDB-47F5-BB2C-9AB156550165}.Debug|x64.Build.0 = Debug|Any CPU
		{3C7E1E20-5FDB-47F5-BB2C-9AB156550165}.Debug|x86.ActiveCfg = Debug|Any CPU
		{3C7E1E20-5FDB-47F5-BB2C-9AB156550165}.Debug|x86.Build.0 = Debug|Any CPU
		{3C7E1E20-5FDB-47F5-BB2C-9AB156550165}.Release|Any CPU.ActiveCfg = Release|Any CPU
		{3C7E1E20-5FDB-47F5-BB2C-9AB156550165}.Release|Any CPU.Build.0 = Release|Any CPU
		{3C7E1E20-5FDB-47F5-BB2C-9AB156550165}.Release|ARM.ActiveCfg = Release|Any CPU
		{3C7E1E20-5FDB-47F5-BB2C-9AB156550165}.Release|ARM.Build.0 = Release|Any CPU
		{3C7E1E20-5FDB-47F5-BB2C-9AB156550165}.Release|x64.ActiveCfg = Release|Any CPU
		{3C7E1E20-5FDB-47F5-BB2C-9AB156550165}.Release|x64.Build.0 = Release|Any CPU
		{3C7E1E20-5FDB-47F5-BB2C-9AB156550165}.Release|x86.ActiveCfg = Release|Any CPU
		{3C7E1E20-5FDB-47F5-BB2C-9AB156550165}.Release|x86.Build.0 = Release|Any CPU
		{DE0E0507-4D7B-4944-B863-3C43A2F27DEA}.Debug|Any CPU.ActiveCfg = Debug|Any CPU
		{DE0E0507-4D7B-4944-B863-3C43A2F27DEA}.Debug|Any CPU.Build.0 = Debug|Any CPU
		{DE0E0507-4D7B-4944-B863-3C43A2F27DEA}.Debug|ARM.ActiveCfg = Debug|Any CPU
		{DE0E0507-4D7B-4944-B863-3C43A2F27DEA}.Debug|ARM.Build.0 = Debug|Any CPU
		{DE0E0507-4D7B-4944-B863-3C43A2F27DEA}.Debug|x64.ActiveCfg = Debug|Any CPU
		{DE0E0507-4D7B-4944-B863-3C43A2F27DEA}.Debug|x64.Build.0 = Debug|Any CPU
		{DE0E0507-4D7B-4944-B863-3C43A2F27DEA}.Debug|x86.ActiveCfg = Debug|Any CPU
		{DE0E0507-4D7B-4944-B863-3C43A2F27DEA}.Debug|x86.Build.0 = Debug|Any CPU
		{DE0E0507-4D7B-4944-B863-3C43A2F27DEA}.Release|Any CPU.ActiveCfg = Release|Any CPU
		{DE0E0507-4D7B-4944-B863-3C43A2F27DEA}.Release|Any CPU.Build.0 = Release|Any CPU
		{DE0E0507-4D7B-4944-B863-3C43A2F27DEA}.Release|ARM.ActiveCfg = Release|Any CPU
		{DE0E0507-4D7B-4944-B863-3C43A2F27DEA}.Release|ARM.Build.0 = Release|Any CPU
		{DE0E0507-4D7B-4944-B863-3C43A2F27DEA}.Release|x64.ActiveCfg = Release|Any CPU
		{DE0E0507-4D7B-4944-B863-3C43A2F27DEA}.Release|x64.Build.0 = Release|Any CPU
		{DE0E0507-4D7B-4944-B863-3C43A2F27DEA}.Release|x86.ActiveCfg = Release|Any CPU
		{DE0E0507-4D7B-4944-B863-3C43A2F27DEA}.Release|x86.Build.0 = Release|Any CPU
		{4E3FDC5A-A406-49F9-B8C5-F402884B2892}.Debug|Any CPU.ActiveCfg = Debug|Any CPU
		{4E3FDC5A-A406-49F9-B8C5-F402884B2892}.Debug|Any CPU.Build.0 = Debug|Any CPU
		{4E3FDC5A-A406-49F9-B8C5-F402884B2892}.Debug|ARM.ActiveCfg = Debug|Any CPU
		{4E3FDC5A-A406-49F9-B8C5-F402884B2892}.Debug|ARM.Build.0 = Debug|Any CPU
		{4E3FDC5A-A406-49F9-B8C5-F402884B2892}.Debug|x64.ActiveCfg = Debug|Any CPU
		{4E3FDC5A-A406-49F9-B8C5-F402884B2892}.Debug|x64.Build.0 = Debug|Any CPU
		{4E3FDC5A-A406-49F9-B8C5-F402884B2892}.Debug|x86.ActiveCfg = Debug|Any CPU
		{4E3FDC5A-A406-49F9-B8C5-F402884B2892}.Debug|x86.Build.0 = Debug|Any CPU
		{4E3FDC5A-A406-49F9-B8C5-F402884B2892}.Release|Any CPU.ActiveCfg = Release|Any CPU
		{4E3FDC5A-A406-49F9-B8C5-F402884B2892}.Release|Any CPU.Build.0 = Release|Any CPU
		{4E3FDC5A-A406-49F9-B8C5-F402884B2892}.Release|ARM.ActiveCfg = Release|Any CPU
		{4E3FDC5A-A406-49F9-B8C5-F402884B2892}.Release|ARM.Build.0 = Release|Any CPU
		{4E3FDC5A-A406-49F9-B8C5-F402884B2892}.Release|x64.ActiveCfg = Release|Any CPU
		{4E3FDC5A-A406-49F9-B8C5-F402884B2892}.Release|x64.Build.0 = Release|Any CPU
		{4E3FDC5A-A406-49F9-B8C5-F402884B2892}.Release|x86.ActiveCfg = Release|Any CPU
		{4E3FDC5A-A406-49F9-B8C5-F402884B2892}.Release|x86.Build.0 = Release|Any CPU
	EndGlobalSection
	GlobalSection(SolutionProperties) = preSolution
		HideSolutionNode = FALSE
	EndGlobalSection
	GlobalSection(NestedProjects) = preSolution
		{EA55DE0D-180F-40AE-9005-DC38108B6EF2} = {F1E180D1-2ED4-43B3-AD29-18B47ACD152C}
		{CA2ADA40-1E47-4270-BBD2-8213AA228247} = {F1E180D1-2ED4-43B3-AD29-18B47ACD152C}
		{94948B4E-2DFC-4EE6-AC30-4B39A2E53886} = {F1E180D1-2ED4-43B3-AD29-18B47ACD152C}
		{3CDFCA2C-C90E-45B8-B897-901E86C13EFB} = {F1E180D1-2ED4-43B3-AD29-18B47ACD152C}
		{47EA4E6F-9EEB-4ED4-80FC-673AC200AE51} = {EA55DE0D-180F-40AE-9005-DC38108B6EF2}
		{0BF84A5C-45AB-4EA0-A4F2-2476A892F72B} = {CA2ADA40-1E47-4270-BBD2-8213AA228247}
		{32B5953C-CD3F-4FC9-B178-A19E72A9C893} = {3CDFCA2C-C90E-45B8-B897-901E86C13EFB}
		{3C7E1E20-5FDB-47F5-BB2C-9AB156550165} = {CA2ADA40-1E47-4270-BBD2-8213AA228247}
		{DE0E0507-4D7B-4944-B863-3C43A2F27DEA} = {94948B4E-2DFC-4EE6-AC30-4B39A2E53886}
		{4E3FDC5A-A406-49F9-B8C5-F402884B2892} = {51C6D519-7DF8-4FBA-A357-3F570E58B4FC}
	EndGlobalSection
EndGlobal
